
Microsoft Visual Studio Solution File, Format Version 12.00
# Visual Studio 14
VisualStudioVersion = 14.0.25420.1
MinimumVisualStudioVersion = 10.0.40219.1
Project("{E24C65DC-7377-472B-9ABA-BC803B73C61A}") = "http://localhost", "http://localhost", "{992E038A-9895-430C-9625-77CE3EAAA904}"
	ProjectSection(WebsiteProperties) = preProject
		UseIISExpress = "false"
		TargetFrameworkMoniker = ".NETFramework,Version%3Dv2.0"
		Debug.AspNetCompiler.VirtualPath = "/localhost"
		Debug.AspNetCompiler.PhysicalPath = "WebUI\"
		Debug.AspNetCompiler.TargetPath = "PrecompiledWeb\localhost\"
		Debug.AspNetCompiler.Updateable = "true"
		Debug.AspNetCompiler.ForceOverwrite = "true"
		Debug.AspNetCompiler.FixedNames = "false"
		Debug.AspNetCompiler.Debug = "True"
		Release.AspNetCompiler.VirtualPath = "/localhost"
		Release.AspNetCompiler.PhysicalPath = "WebUI\"
		Release.AspNetCompiler.TargetPath = "PrecompiledWeb\localhost\"
		Release.AspNetCompiler.Updateable = "true"
		Release.AspNetCompiler.ForceOverwrite = "true"
		Release.AspNetCompiler.FixedNames = "false"
		Release.AspNetCompiler.Debug = "False"
		SlnRelativePath = "WebUI\"
	EndProjectSection
EndProject
Project("{FAE04EC0-301F-11D3-BF4B-00C04F79EFBC}") = "OAManage", "OAManage\OAManage.csproj", "{9133AF2A-9674-4383-96D4-938A4159DBA2}"
EndProject
Project("{FAE04EC0-301F-11D3-BF4B-00C04F79EFBC}") = "TestRazor", "TestRazor\TestRazor.csproj", "{205EF0A9-45F8-4DB1-A0CC-0E6FA6AE4A7F}"
EndProject
Project("{FAE04EC0-301F-11D3-BF4B-00C04F79EFBC}") = "lmHelper", "lmHelper\lmHelper.csproj", "{1B803A00-B2B1-467D-AAF4-736F9F0504E6}"
EndProject
Global
	GlobalSection(SolutionConfigurationPlatforms) = preSolution
		Debug|Any CPU = Debug|Any CPU
		Release|Any CPU = Release|Any CPU
	EndGlobalSection
	GlobalSection(ProjectConfigurationPlatforms) = postSolution
		{992E038A-9895-430C-9625-77CE3EAAA904}.Debug|Any CPU.ActiveCfg = Debug|Any CPU
		{992E038A-9895-430C-9625-77CE3EAAA904}.Debug|Any CPU.Build.0 = Debug|Any CPU
		{992E038A-9895-430C-9625-77CE3EAAA904}.Release|Any CPU.ActiveCfg = Debug|Any CPU
		{992E038A-9895-430C-9625-77CE3EAAA904}.Release|Any CPU.Build.0 = Debug|Any CPU
		{9133AF2A-9674-4383-96D4-938A4159DBA2}.Debug|Any CPU.ActiveCfg = Debug|Any CPU
		{9133AF2A-9674-4383-96D4-938A4159DBA2}.Debug|Any CPU.Build.0 = Debug|Any CPU
		{9133AF2A-9674-4383-96D4-938A4159DBA2}.Release|Any CPU.ActiveCfg = Release|Any CPU
		{9133AF2A-9674-4383-96D4-938A4159DBA2}.Release|Any CPU.Build.0 = Release|Any CPU
		{205EF0A9-45F8-4DB1-A0CC-0E6FA6AE4A7F}.Debug|Any CPU.ActiveCfg = Debug|Any CPU
		{205EF0A9-45F8-4DB1-A0CC-0E6FA6AE4A7F}.Debug|Any CPU.Build.0 = Debug|Any CPU
		{205EF0A9-45F8-4DB1-A0CC-0E6FA6AE4A7F}.Release|Any CPU.ActiveCfg = Release|Any CPU
		{205EF0A9-45F8-4DB1-A0CC-0E6FA6AE4A7F}.Release|Any CPU.Build.0 = Release|Any CPU
		{1B803A00-B2B1-467D-AAF4-736F9F0504E6}.Debug|Any CPU.ActiveCfg = Debug|Any CPU
		{1B803A00-B2B1-467D-AAF4-736F9F0504E6}.Debug|Any CPU.Build.0 = Debug|Any CPU
		{1B803A00-B2B1-467D-AAF4-736F9F0504E6}.Release|Any CPU.ActiveCfg = Release|Any CPU
		{1B803A00-B2B1-467D-AAF4-736F9F0504E6}.Release|Any CPU.Build.0 = Release|Any CPU
	EndGlobalSection
	GlobalSection(SolutionProperties) = preSolution
		HideSolutionNode = FALSE
	EndGlobalSection
EndGlobal
